
Microsoft Visual Studio Solution File, Format Version 12.00
# Visual Studio Version 16
VisualStudioVersion = 16.0.31005.135
MinimumVisualStudioVersion = 10.0.40219.1
Project("{FAE04EC0-301F-11D3-BF4B-00C04F79EFBC}") = "Entities", "Entities\Entities.csproj", "{47C08803-DFE8-4A76-B633-87BAC666DFAC}"
EndProject
Project("{FAE04EC0-301F-11D3-BF4B-00C04F79EFBC}") = "DataAccess", "DataAccess\DataAccess.csproj", "{5E8FD092-A73A-40C6-8A82-8786072298F2}"
EndProject
Project("{FAE04EC0-301F-11D3-BF4B-00C04F79EFBC}") = "Business", "Business\Business.csproj", "{58ED50DD-6366-4B4A-B55B-6646E1ED2EDB}"
EndProject
Project("{FAE04EC0-301F-11D3-BF4B-00C04F79EFBC}") = "Console", "Console\Console.csproj", "{72228094-FC5E-4EDA-9CB4-E8312B0F29D3}"
EndProject
Global
	GlobalSection(SolutionConfigurationPlatforms) = preSolution
		Debug|Any CPU = Debug|Any CPU
		Release|Any CPU = Release|Any CPU
	EndGlobalSection
	GlobalSection(ProjectConfigurationPlatforms) = postSolution
		{47C08803-DFE8-4A76-B633-87BAC666DFAC}.Debug|Any CPU.ActiveCfg = Debug|Any CPU
		{47C08803-DFE8-4A76-B633-87BAC666DFAC}.Debug|Any CPU.Build.0 = Debug|Any CPU
		{47C08803-DFE8-4A76-B633-87BAC666DFAC}.Release|Any CPU.ActiveCfg = Release|Any CPU
		{47C08803-DFE8-4A76-B633-87BAC666DFAC}.Release|Any CPU.Build.0 = Release|Any CPU
		{5E8FD092-A73A-40C6-8A82-8786072298F2}.Debug|Any CPU.ActiveCfg = Debug|Any CPU
		{5E8FD092-A73A-40C6-8A82-8786072298F2}.Debug|Any CPU.Build.0 = Debug|Any CPU
		{5E8FD092-A73A-40C6-8A82-8786072298F2}.Release|Any CPU.ActiveCfg = Release|Any CPU
		{5E8FD092-A73A-40C6-8A82-8786072298F2}.Release|Any CPU.Build.0 = Release|Any CPU
		{58ED50DD-6366-4B4A-B55B-6646E1ED2EDB}.Debug|Any CPU.ActiveCfg = Debug|Any CPU
		{58ED50DD-6366-4B4A-B55B-6646E1ED2EDB}.Debug|Any CPU.Build.0 = Debug|Any CPU
		{58ED50DD-6366-4B4A-B55B-6646E1ED2EDB}.Release|Any CPU.ActiveCfg = Release|Any CPU
		{58ED50DD-6366-4B4A-B55B-6646E1ED2EDB}.Release|Any CPU.Build.0 = Release|Any CPU
		{72228094-FC5E-4EDA-9CB4-E8312B0F29D3}.Debug|Any CPU.ActiveCfg = Debug|Any CPU
		{72228094-FC5E-4EDA-9CB4-E8312B0F29D3}.Debug|Any CPU.Build.0 = Debug|Any CPU
		{72228094-FC5E-4EDA-9CB4-E8312B0F29D3}.Release|Any CPU.ActiveCfg = Release|Any CPU
		{72228094-FC5E-4EDA-9CB4-E8312B0F29D3}.Release|Any CPU.Build.0 = Release|Any CPU
	EndGlobalSection
	GlobalSection(SolutionProperties) = preSolution
		HideSolutionNode = FALSE
	EndGlobalSection
	GlobalSection(ExtensibilityGlobals) = postSolution
		SolutionGuid = {F04EF7EF-9933-4F8D-A62D-DCC36AB1BD54}
	EndGlobalSection
EndGlobal
